
Microsoft Visual Studio Solution File, Format Version 12.00
# Visual Studio 14
VisualStudioVersion = 14.0.23107.0
MinimumVisualStudioVersion = 10.0.40219.1
Project("{FAE04EC0-301F-11D3-BF4B-00C04F79EFBC}") = "araclar", "araclar\araclar.csproj", "{F49229E5-9690-46C8-B170-1F22B0F8B899}"
EndProject
Project("{FAE04EC0-301F-11D3-BF4B-00C04F79EFBC}") = "close", "close\close.csproj", "{5DD9763B-F084-4300-8AA3-B252B91B74E9}"
EndProject
Global
	GlobalSection(SolutionConfigurationPlatforms) = preSolution
		Debug|Any CPU = Debug|Any CPU
		Release|Any CPU = Release|Any CPU
	EndGlobalSection
	GlobalSection(ProjectConfigurationPlatforms) = postSolution
		{F49229E5-9690-46C8-B170-1F22B0F8B899}.Debug|Any CPU.ActiveCfg = Debug|Any CPU
		{F49229E5-9690-46C8-B170-1F22B0F8B899}.Debug|Any CPU.Build.0 = Debug|Any CPU
		{F49229E5-9690-46C8-B170-1F22B0F8B899}.Release|Any CPU.ActiveCfg = Release|Any CPU
		{F49229E5-9690-46C8-B170-1F22B0F8B899}.Release|Any CPU.Build.0 = Release|Any CPU
		{5DD9763B-F084-4300-8AA3-B252B91B74E9}.Debug|Any CPU.ActiveCfg = Debug|Any CPU
		{5DD9763B-F084-4300-8AA3-B252B91B74E9}.Debug|Any CPU.Build.0 = Debug|Any CPU
		{5DD9763B-F084-4300-8AA3-B252B91B74E9}.Release|Any CPU.ActiveCfg = Release|Any CPU
		{5DD9763B-F084-4300-8AA3-B252B91B74E9}.Release|Any CPU.Build.0 = Release|Any CPU
	EndGlobalSection
	GlobalSection(SolutionProperties) = preSolution
		HideSolutionNode = FALSE
	EndGlobalSection
EndGlobal
